
Microsoft Visual Studio Solution File, Format Version 12.00
# Visual Studio 15
VisualStudioVersion = 15.0.26124.0
MinimumVisualStudioVersion = 15.0.26124.0
Project("{FAE04EC0-301F-11D3-BF4B-00C04F79EFBC}") = "frontend", "frontend\frontend.csproj", "{F5F1DAC9-B3D7-4279-9D50-D04CD44D94B9}"
EndProject
Project("{FAE04EC0-301F-11D3-BF4B-00C04F79EFBC}") = "backend", "backend\backend.csproj", "{A05E7644-9243-4942-966A-CEBE0A1E326C}"
EndProject
Global
	GlobalSection(SolutionConfigurationPlatforms) = preSolution
		Debug|Any CPU = Debug|Any CPU
		Debug|x64 = Debug|x64
		Debug|x86 = Debug|x86
		Release|Any CPU = Release|Any CPU
		Release|x64 = Release|x64
		Release|x86 = Release|x86
	EndGlobalSection
	GlobalSection(SolutionProperties) = preSolution
		HideSolutionNode = FALSE
	EndGlobalSection
	GlobalSection(ProjectConfigurationPlatforms) = postSolution
		{F5F1DAC9-B3D7-4279-9D50-D04CD44D94B9}.Debug|Any CPU.ActiveCfg = Debug|Any CPU
		{F5F1DAC9-B3D7-4279-9D50-D04CD44D94B9}.Debug|Any CPU.Build.0 = Debug|Any CPU
		{F5F1DAC9-B3D7-4279-9D50-D04CD44D94B9}.Debug|x64.ActiveCfg = Debug|Any CPU
		{F5F1DAC9-B3D7-4279-9D50-D04CD44D94B9}.Debug|x64.Build.0 = Debug|Any CPU
		{F5F1DAC9-B3D7-4279-9D50-D04CD44D94B9}.Debug|x86.ActiveCfg = Debug|Any CPU
		{F5F1DAC9-B3D7-4279-9D50-D04CD44D94B9}.Debug|x86.Build.0 = Debug|Any CPU
		{F5F1DAC9-B3D7-4279-9D50-D04CD44D94B9}.Release|Any CPU.ActiveCfg = Release|Any CPU
		{F5F1DAC9-B3D7-4279-9D50-D04CD44D94B9}.Release|Any CPU.Build.0 = Release|Any CPU
		{F5F1DAC9-B3D7-4279-9D50-D04CD44D94B9}.Release|x64.ActiveCfg = Release|Any CPU
		{F5F1DAC9-B3D7-4279-9D50-D04CD44D94B9}.Release|x64.Build.0 = Release|Any CPU
		{F5F1DAC9-B3D7-4279-9D50-D04CD44D94B9}.Release|x86.ActiveCfg = Release|Any CPU
		{F5F1DAC9-B3D7-4279-9D50-D04CD44D94B9}.Release|x86.Build.0 = Release|Any CPU
		{A05E7644-9243-4942-966A-CEBE0A1E326C}.Debug|Any CPU.ActiveCfg = Debug|Any CPU
		{A05E7644-9243-4942-966A-CEBE0A1E326C}.Debug|Any CPU.Build.0 = Debug|Any CPU
		{A05E7644-9243-4942-966A-CEBE0A1E326C}.Debug|x64.ActiveCfg = Debug|Any CPU
		{A05E7644-9243-4942-966A-CEBE0A1E326C}.Debug|x64.Build.0 = Debug|Any CPU
		{A05E7644-9243-4942-966A-CEBE0A1E326C}.Debug|x86.ActiveCfg = Debug|Any CPU
		{A05E7644-9243-4942-966A-CEBE0A1E326C}.Debug|x86.Build.0 = Debug|Any CPU
		{A05E7644-9243-4942-966A-CEBE0A1E326C}.Release|Any CPU.ActiveCfg = Release|Any CPU
		{A05E7644-9243-4942-966A-CEBE0A1E326C}.Release|Any CPU.Build.0 = Release|Any CPU
		{A05E7644-9243-4942-966A-CEBE0A1E326C}.Release|x64.ActiveCfg = Release|Any CPU
		{A05E7644-9243-4942-966A-CEBE0A1E326C}.Release|x64.Build.0 = Release|Any CPU
		{A05E7644-9243-4942-966A-CEBE0A1E326C}.Release|x86.ActiveCfg = Release|Any CPU
		{A05E7644-9243-4942-966A-CEBE0A1E326C}.Release|x86.Build.0 = Release|Any CPU
	EndGlobalSection
EndGlobal
